// !$*UTF8*$!
{
	archiveVersion = 1;
	classes = {
	};
	objectVersion = 52;
	objects = {

/* Begin PBXBuildFile section */
		A34EA31E254C51C200CB4C12 /* SwiftyAuthing in Frameworks */ = {isa = PBXBuildFile; productRef = A34EA31D254C51C200CB4C12 /* SwiftyAuthing */; };
		A376F493254C1B2700CA84D8 /* AppDelegate.swift in Sources */ = {isa = PBXBuildFile; fileRef = A376F492254C1B2700CA84D8 /* AppDelegate.swift */; };
		A376F495254C1B2700CA84D8 /* SceneDelegate.swift in Sources */ = {isa = PBXBuildFile; fileRef = A376F494254C1B2700CA84D8 /* SceneDelegate.swift */; };
		A376F497254C1B2700CA84D8 /* ViewController.swift in Sources */ = {isa = PBXBuildFile; fileRef = A376F496254C1B2700CA84D8 /* ViewController.swift */; };
		A376F49A254C1B2700CA84D8 /* Main.storyboard in Resources */ = {isa = PBXBuildFile; fileRef = A376F498254C1B2700CA84D8 /* Main.storyboard */; };
		A376F49C254C1B2700CA84D8 /* Assets.xcassets in Resources */ = {isa = PBXBuildFile; fileRef = A376F49B254C1B2700CA84D8 /* Assets.xcassets */; };
		A376F49F254C1B2700CA84D8 /* LaunchScreen.storyboard in Resources */ = {isa = PBXBuildFile; fileRef = A376F49D254C1B2700CA84D8 /* LaunchScreen.storyboard */; };
		A3E294A725BACA3F00F29548 /* README.md in Resources */ = {isa = PBXBuildFile; fileRef = A3E294A625BACA3E00F29548 /* README.md */; };
/* End PBXBuildFile section */

/* Begin PBXFileReference section */
		A376F48F254C1B2700CA84D8 /* SwiftyAuthingExample.app */ = {isa = PBXFileReference; explicitFileType = wrapper.application; includeInIndex = 0; path = SwiftyAuthingExample.app; sourceTree = BUILT_PRODUCTS_DIR; };
		A376F492254C1B2700CA84D8 /* AppDelegate.swift */ = {isa = PBXFileReference; lastKnownFileType = sourcecode.swift; path = AppDelegate.swift; sourceTree = "<group>"; };
		A376F494254C1B2700CA84D8 /* SceneDelegate.swift */ = {isa = PBXFileReference; lastKnownFileType = sourcecode.swift; path = SceneDelegate.swift; sourceTree = "<group>"; };
		A376F496254C1B2700CA84D8 /* ViewController.swift */ = {isa = PBXFileReference; lastKnownFileType = sourcecode.swift; path = ViewController.swift; sourceTree = "<group>"; };
		A376F499254C1B2700CA84D8 /* Base */ = {isa = PBXFileReference; lastKnownFileType = file.storyboard; name = Base; path = Base.lproj/Main.storyboard; sourceTree = "<group>"; };
		A376F49B254C1B2700CA84D8 /* Assets.xcassets */ = {isa = PBXFileReference; lastKnownFileType = folder.assetcatalog; path = Assets.xcassets; sourceTree = "<group>"; };
		A376F49E254C1B2700CA84D8 /* Base */ = {isa = PBXFileReference; lastKnownFileType = file.storyboard; name = Base; path = Base.lproj/LaunchScreen.storyboard; sourceTree = "<group>"; };
		A376F4A0254C1B2700CA84D8 /* Info.plist */ = {isa = PBXFileReference; lastKnownFileType = text.plist.xml; path = Info.plist; sourceTree = "<group>"; };
		A3E294A625BACA3E00F29548 /* README.md */ = {isa = PBXFileReference; fileEncoding = 4; lastKnownFileType = net.daringfireball.markdown; name = README.md; path = ../../README.md; sourceTree = "<group>"; };
/* End PBXFileReference section */

/* Begin PBXFrameworksBuildPhase section */
		A376F48C254C1B2700CA84D8 /* Frameworks */ = {
			isa = PBXFrameworksBuildPhase;
			buildActionMask = 2147483647;
			files = (
				A34EA31E254C51C200CB4C12 /* SwiftyAuthing in Frameworks */,
			);
			runOnlyForDeploymentPostprocessing = 0;
		};
/* End PBXFrameworksBuildPhase section */

/* Begin PBXGroup section */
		A376F486254C1B2700CA84D8 = {
			isa = PBXGroup;
			children = (
				A376F491254C1B2700CA84D8 /* SwiftyAuthingExample */,
				A376F490254C1B2700CA84D8 /* Products */,
			);
			sourceTree = "<group>";
		};
		A376F490254C1B2700CA84D8 /* Products */ = {
			isa = PBXGroup;
			children = (
				A376F48F254C1B2700CA84D8 /* SwiftyAuthingExample.app */,
			);
			name = Products;
			sourceTree = "<group>";
		};
		A376F491254C1B2700CA84D8 /* SwiftyAuthingExample */ = {
			isa = PBXGroup;
			children = (
				A376F492254C1B2700CA84D8 /* AppDelegate.swift */,
				A376F494254C1B2700CA84D8 /* SceneDelegate.swift */,
				A376F496254C1B2700CA84D8 /* ViewController.swift */,
				A376F498254C1B2700CA84D8 /* Main.storyboard */,
				A376F49D254C1B2700CA84D8 /* LaunchScreen.storyboard */,
				A376F49B254C1B2700CA84D8 /* Assets.xcassets */,
				A376F4A0254C1B2700CA84D8 /* Info.plist */,
				A3E294A625BACA3E00F29548 /* README.md */,
			);
			path = SwiftyAuthingExample;
			sourceTree = "<group>";
		};
/* End PBXGroup section */

/* Begin PBXNativeTarget section */
		A376F48E254C1B2700CA84D8 /* SwiftyAuthingExample */ = {
			isa = PBXNativeTarget;
			buildConfigurationList = A376F4A3254C1B2700CA84D8 /* Build configuration list for PBXNativeTarget "SwiftyAuthingExample" */;
			buildPhases = (
				A376F48B254C1B2700CA84D8 /* Sources */,
				A376F48C254C1B2700CA84D8 /* Frameworks */,
				A376F48D254C1B2700CA84D8 /* Resources */,
			);
			buildRules = (
			);
			dependencies = (
			);
			name = SwiftyAuthingExample;
			packageProductDependencies = (
				A34EA31D254C51C200CB4C12 /* SwiftyAuthing */,
			);
			productName = SwiftyAuthingExample;
			productReference = A376F48F254C1B2700CA84D8 /* SwiftyAuthingExample.app */;
			productType = "com.apple.product-type.application";
		};
/* End PBXNativeTarget section */

/* Begin PBXProject section */
		A376F487254C1B2700CA84D8 /* Project object */ = {
			isa = PBXProject;
			attributes = {
				LastSwiftUpdateCheck = 1210;
				LastUpgradeCheck = 1210;
				TargetAttributes = {
					A376F48E254C1B2700CA84D8 = {
						CreatedOnToolsVersion = 12.1;
					};
				};
			};
			buildConfigurationList = A376F48A254C1B2700CA84D8 /* Build configuration list for PBXProject "SwiftyAuthingExample" */;
			compatibilityVersion = "Xcode 9.3";
			developmentRegion = en;
			hasScannedForEncodings = 0;
			knownRegions = (
				en,
				Base,
			);
			mainGroup = A376F486254C1B2700CA84D8;
			packageReferences = (
				A34EA31C254C51C200CB4C12 /* XCRemoteSwiftPackageReference "SwiftyAuthing" */,
			);
			productRefGroup = A376F490254C1B2700CA84D8 /* Products */;
			projectDirPath = "";
			projectRoot = "";
			targets = (
				A376F48E254C1B2700CA84D8 /* SwiftyAuthingExample */,
			);
		};
/* End PBXProject section */

/* Begin PBXResourcesBuildPhase section */
		A376F48D254C1B2700CA84D8 /* Resources */ = {
			isa = PBXResourcesBuildPhase;
			buildActionMask = 2147483647;
			files = (
				A376F49F254C1B2700CA84D8 /* LaunchScreen.storyboard in Resources */,
				A376F49C254C1B2700CA84D8 /* Assets.xcassets in Resources */,
				A3E294A725BACA3F00F29548 /* README.md in Resources */,
				A376F49A254C1B2700CA84D8 /* Main.storyboard in Resources */,
			);
			runOnlyForDeploymentPostprocessing = 0;
		};
/* End PBXResourcesBuildPhase section */

/* Begin PBXSourcesBuildPhase section */
		A376F48B254C1B2700CA84D8 /* Sources */ = {
			isa = PBXSourcesBuildPhase;
			buildActionMask = 2147483647;
			files = (
				A376F497254C1B2700CA84D8 /* ViewController.swift in Sources */,
				A376F493254C1B2700CA84D8 /* AppDelegate.swift in Sources */,
				A376F495254C1B2700CA84D8 /* SceneDelegate.swift in Sources */,
			);
			runOnlyForDeploymentPostprocessing = 0;
		};
/* End PBXSourcesBuildPhase section */

/* Begin PBXVariantGroup section */
		A376F498254C1B2700CA84D8 /* Main.storyboard */ = {
			isa = PBXVariantGroup;
			children = (
				A376F499254C1B2700CA84D8 /* Base */,
			);
			name = Main.storyboard;
			sourceTree = "<group>";
		};
		A376F49D254C1B2700CA84D8 /* LaunchScreen.storyboard */ = {
			isa = PBXVariantGroup;
			children = (
				A376F49E254C1B2700CA84D8 /* Base */,
			);
			name = LaunchScreen.storyboard;
			sourceTree = "<group>";
		};
/* End PBXVariantGroup section */

/* Begin XCBuildConfiguration section */
		A376F4A1254C1B2700CA84D8 /* Debug */ = {
			isa = XCBuildConfiguration;
			buildSettings = {
				ALWAYS_SEARCH_USER_PATHS = NO;
				CLANG_ANALYZER_NONNULL = YES;
				CLANG_ANALYZER_NUMBER_OBJECT_CONVERSION = YES_AGGRESSIVE;
				CLANG_CXX_LANGUAGE_STANDARD = "gnu++14";
				CLANG_CXX_LIBRARY = "libc++";
				CLANG_ENABLE_MODULES = YES;
				CLANG_ENABLE_OBJC_ARC = YES;
				CLANG_ENABLE_OBJC_WEAK = YES;
				CLANG_WARN_BLOCK_CAPTURE_AUTORELEASING = YES;
				CLANG_WARN_BOOL_CONVERSION = YES;
				CLANG_WARN_COMMA = YES;
				CLANG_WARN_CONSTANT_CONVERSION = YES;
				CLANG_WARN_DEPRECATED_OBJC_IMPLEMENTATIONS = YES;
				CLANG_WARN_DIRECT_OBJC_ISA_USAGE = YES_ERROR;
				CLANG_WARN_DOCUMENTATION_COMMENTS = YES;
				CLANG_WARN_EMPTY_BODY = YES;
				CLANG_WARN_ENUM_CONVERSION = YES;
				CLANG_WARN_INFINITE_RECURSION = YES;
				CLANG_WARN_INT_CONVERSION = YES;
				CLANG_WARN_NON_LITERAL_NULL_CONVERSION = YES;
				CLANG_WARN_OBJC_IMPLICIT_RETAIN_SELF = YES;
				CLANG_WARN_OBJC_LITERAL_CONVERSION = YES;
				CLANG_WARN_OBJC_ROOT_CLASS = YES_ERROR;
				CLANG_WARN_QUOTED_INCLUDE_IN_FRAMEWORK_HEADER = YES;
				CLANG_WARN_RANGE_LOOP_ANALYSIS = YES;
				CLANG_WARN_STRICT_PROTOTYPES = YES;
				CLANG_WARN_SUSPICIOUS_MOVE = YES;
				CLANG_WARN_UNGUARDED_AVAILABILITY = YES_AGGRESSIVE;
				CLANG_WARN_UNREACHABLE_CODE = YES;
				CLANG_WARN__DUPLICATE_METHOD_MATCH = YES;
				COPY_PHASE_STRIP = NO;
				DEBUG_INFORMATION_FORMAT = dwarf;
				ENABLE_STRICT_OBJC_MSGSEND = YES;
				ENABLE_TESTABILITY = YES;
				GCC_C_LANGUAGE_STANDARD = gnu11;
				GCC_DYNAMIC_NO_PIC = NO;
				GCC_NO_COMMON_BLOCKS = YES;
				GCC_OPTIMIZATION_LEVEL = 0;
				GCC_PREPROCESSOR_DEFINITIONS = (
					"DEBUG=1",
					"$(inherited)",
				);
				GCC_WARN_64_TO_32_BIT_CONVERSION = YES;
				GCC_WARN_ABOUT_RETURN_TYPE = YES_ERROR;
				GCC_WARN_UNDECLARED_SELECTOR = YES;
				GCC_WARN_UNINITIALIZED_AUTOS = YES_AGGRESSIVE;
				GCC_WARN_UNUSED_FUNCTION = YES;
				GCC_WARN_UNUSED_VARIABLE = YES;
				IPHONEOS_DEPLOYMENT_TARGET = 14.0;
				MTL_ENABLE_DEBUG_INFO = INCLUDE_SOURCE;
				MTL_FAST_MATH = YES;
				ONLY_ACTIVE_ARCH = YES;
				SDKROOT = iphoneos;
				SWIFT_ACTIVE_COMPILATION_CONDITIONS = DEBUG;
				SWIFT_OPTIMIZATION_LEVEL = "-Onone";
			};
			name = Debug;
		};
		A376F4A2254C1B2700CA84D8 /* Release */ = {
			isa = XCBuildConfiguration;
			buildSettings = {
				ALWAYS_SEARCH_USER_PATHS = NO;
				CLANG_ANALYZER_NONNULL = YES;
				CLANG_ANALYZER_NUMBER_OBJECT_CONVERSION = YES_AGGRESSIVE;
				CLANG_CXX_LANGUAGE_STANDARD = "gnu++14";
				CLANG_CXX_LIBRARY = "libc++";
				CLANG_ENABLE_MODULES = YES;
				CLANG_ENABLE_OBJC_ARC = YES;
				CLANG_ENABLE_OBJC_WEAK = YES;
				CLANG_WARN_BLOCK_CAPTURE_AUTORELEASING = YES;
				CLANG_WARN_BOOL_CONVERSION = YES;
				CLANG_WARN_COMMA = YES;
				CLANG_WARN_CONSTANT_CONVERSION = YES;
				CLANG_WARN_DEPRECATED_OBJC_IMPLEMENTATIONS = YES;
				CLANG_WARN_DIRECT_OBJC_ISA_USAGE = YES_ERROR;
				CLANG_WARN_DOCUMENTATION_COMMENTS = YES;
				CLANG_WARN_EMPTY_BODY = YES;
				CLANG_WARN_ENUM_CONVERSION = YES;
				CLANG_WARN_INFINITE_RECURSION = YES;
				CLANG_WARN_INT_CONVERSION = YES;
				CLANG_WARN_NON_LITERAL_NULL_CONVERSION = YES;
				CLANG_WARN_OBJC_IMPLICIT_RETAIN_SELF = YES;
				CLANG_WARN_OBJC_LITERAL_CONVERSION = YES;
				CLANG_WARN_OBJC_ROOT_CLASS = YES_ERROR;
				CLANG_WARN_QUOTED_INCLUDE_IN_FRAMEWORK_HEADER = YES;
				CLANG_WARN_RANGE_LOOP_ANALYSIS = YES;
				CLANG_WARN_STRICT_PROTOTYPES = YES;
				CLANG_WARN_SUSPICIOUS_MOVE = YES;
				CLANG_WARN_UNGUARDED_AVAILABILITY = YES_AGGRESSIVE;
				CLANG_WARN_UNREACHABLE_CODE = YES;
				CLANG_WARN__DUPLICATE_METHOD_MATCH = YES;
				COPY_PHASE_STRIP = NO;
				DEBUG_INFORMATION_FORMAT = "dwarf-with-dsym";
				ENABLE_NS_ASSERTIONS = NO;
				ENABLE_STRICT_OBJC_MSGSEND = YES;
				GCC_C_LANGUAGE_STANDARD = gnu11;
				GCC_NO_COMMON_BLOCKS = YES;
				GCC_WARN_64_TO_32_BIT_CONVERSION = YES;
				GCC_WARN_ABOUT_RETURN_TYPE = YES_ERROR;
				GCC_WARN_UNDECLARED_SELECTOR = YES;
				GCC_WARN_UNINITIALIZED_AUTOS = YES_AGGRESSIVE;
				GCC_WARN_UNUSED_FUNCTION = YES;
				GCC_WARN_UNUSED_VARIABLE = YES;
				IPHONEOS_DEPLOYMENT_TARGET = 14.0;
				MTL_ENABLE_DEBUG_INFO = NO;
				MTL_FAST_MATH = YES;
				SDKROOT = iphoneos;
				SWIFT_COMPILATION_MODE = wholemodule;
				SWIFT_OPTIMIZATION_LEVEL = "-O";
				VALIDATE_PRODUCT = YES;
			};
			name = Release;
		};
		A376F4A4254C1B2700CA84D8 /* Debug */ = {
			isa = XCBuildConfiguration;
			buildSettings = {
				ASSETCATALOG_COMPILER_APPICON_NAME = AppIcon;
				ASSETCATALOG_COMPILER_GLOBAL_ACCENT_COLOR_NAME = AccentColor;
				CODE_SIGN_STYLE = Automatic;
				DEVELOPMENT_TEAM = GBDEF9374W;
				INFOPLIST_FILE = SwiftyAuthingExample/Info.plist;
				IPHONEOS_DEPLOYMENT_TARGET = 13.0;
				LD_RUNPATH_SEARCH_PATHS = (
					"$(inherited)",
					"@executable_path/Frameworks",
				);
				MARKETING_VERSION = 1.0.0;
				PRODUCT_BUNDLE_IDENTIFIER = "com.woo-interactive.SwiftyAuthingExample";
				PRODUCT_NAME = "$(TARGET_NAME)";
				SWIFT_VERSION = 5.0;
				TARGETED_DEVICE_FAMILY = 1;
			};
			name = Debug;
		};
		A376F4A5254C1B2700CA84D8 /* Release */ = {
			isa = XCBuildConfiguration;
			buildSettings = {
				ASSETCATALOG_COMPILER_APPICON_NAME = AppIcon;
				ASSETCATALOG_COMPILER_GLOBAL_ACCENT_COLOR_NAME = AccentColor;
				CODE_SIGN_STYLE = Automatic;
				DEVELOPMENT_TEAM = GBDEF9374W;
				INFOPLIST_FILE = SwiftyAuthingExample/Info.plist;
				IPHONEOS_DEPLOYMENT_TARGET = 13.0;
				LD_RUNPATH_SEARCH_PATHS = (
					"$(inherited)",
					"@executable_path/Frameworks",
				);
				MARKETING_VERSION = 1.0.0;
				PRODUCT_BUNDLE_IDENTIFIER = "com.woo-interactive.SwiftyAuthingExample";
				PRODUCT_NAME = "$(TARGET_NAME)";
				SWIFT_VERSION = 5.0;
				TARGETED_DEVICE_FAMILY = 1;
			};
			name = Release;
		};
/* End XCBuildConfiguration section */

/* Begin XCConfigurationList section */
		A376F48A254C1B2700CA84D8 /* Build configuration list for PBXProject "SwiftyAuthingExample" */ = {
			isa = XCConfigurationList;
			buildConfigurations = (
				A376F4A1254C1B2700CA84D8 /* Debug */,
				A376F4A2254C1B2700CA84D8 /* Release */,
			);
			defaultConfigurationIsVisible = 0;
			defaultConfigurationName = Release;
		};
		A376F4A3254C1B2700CA84D8 /* Build configuration list for PBXNativeTarget "SwiftyAuthingExample" */ = {
			isa = XCConfigurationList;
			buildConfigurations = (
				A376F4A4254C1B2700CA84D8 /* Debug */,
				A376F4A5254C1B2700CA84D8 /* Release */,
			);
			defaultConfigurationIsVisible = 0;
			defaultConfigurationName = Release;
		};
/* End XCConfigurationList section */

/* Begin XCRemoteSwiftPackageReference section */
		A34EA31C254C51C200CB4C12 /* XCRemoteSwiftPackageReference "SwiftyAuthing" */ = {
			isa = XCRemoteSwiftPackageReference;
			repositoryURL = "https://github.com/Woo-Interactive/SwiftyAuthing.git";
			requirement = {
				kind = upToNextMajorVersion;
				minimumVersion = 1.3.0;
			};
		};
/* End XCRemoteSwiftPackageReference section */

/* Begin XCSwiftPackageProductDependency section */
		A34EA31D254C51C200CB4C12 /* SwiftyAuthing */ = {
			isa = XCSwiftPackageProductDependency;
			package = A34EA31C254C51C200CB4C12 /* XCRemoteSwiftPackageReference "SwiftyAuthing" */;
			productName = SwiftyAuthing;
		};
/* End XCSwiftPackageProductDependency section */
	};
	rootObject = A376F487254C1B2700CA84D8 /* Project object */;
}
